
Microsoft Visual Studio Solution File, Format Version 12.00
# Visual Studio Version 16
VisualStudioVersion = 16.0.34407.143
MinimumVisualStudioVersion = 10.0.40219.1
Project("{FAE04EC0-301F-11D3-BF4B-00C04F79EFBC}") = "Homework2", "Homework2\Homework2.csproj", "{20255231-0CE3-492E-8F52-AFF4BEF76400}"
EndProject
Global
	GlobalSection(SolutionConfigurationPlatforms) = preSolution
		Debug|Any CPU = Debug|Any CPU
		Release|Any CPU = Release|Any CPU
	EndGlobalSection
	GlobalSection(ProjectConfigurationPlatforms) = postSolution
		{20255231-0CE3-492E-8F52-AFF4BEF76400}.Debug|Any CPU.ActiveCfg = Debug|Any CPU
		{20255231-0CE3-492E-8F52-AFF4BEF76400}.Debug|Any CPU.Build.0 = Debug|Any CPU
		{20255231-0CE3-492E-8F52-AFF4BEF76400}.Release|Any CPU.ActiveCfg = Release|Any CPU
		{20255231-0CE3-492E-8F52-AFF4BEF76400}.Release|Any CPU.Build.0 = Release|Any CPU
	EndGlobalSection
	GlobalSection(SolutionProperties) = preSolution
		HideSolutionNode = FALSE
	EndGlobalSection
	GlobalSection(ExtensibilityGlobals) = postSolution
		SolutionGuid = {1AA2F024-5F31-4386-BD2D-07EE72620084}
	EndGlobalSection
EndGlobal
